
Microsoft Visual Studio Solution File, Format Version 12.00
# Visual Studio Version 17
VisualStudioVersion = 17.0.31710.8
MinimumVisualStudioVersion = 10.0.40219.1
Project("{FAE04EC0-301F-11D3-BF4B-00C04F79EFBC}") = "FizzBuzz", "FizzBuzz\FizzBuzz.csproj", "{52C95601-F481-4A7C-9ADF-0E289A550068}"
EndProject
Project("{FAE04EC0-301F-11D3-BF4B-00C04F79EFBC}") = "FizzBuzz.Test", "FizzBuzz.Test\FizzBuzz.Test.csproj", "{EFA30E29-B39B-4EE2-B153-8BC23EC4DB41}"
EndProject
Global
	GlobalSection(SolutionConfigurationPlatforms) = preSolution
		Debug|Any CPU = Debug|Any CPU
		Release|Any CPU = Release|Any CPU
	EndGlobalSection
	GlobalSection(ProjectConfigurationPlatforms) = postSolution
		{52C95601-F481-4A7C-9ADF-0E289A550068}.Debug|Any CPU.ActiveCfg = Debug|Any CPU
		{52C95601-F481-4A7C-9ADF-0E289A550068}.Debug|Any CPU.Build.0 = Debug|Any CPU
		{52C95601-F481-4A7C-9ADF-0E289A550068}.Release|Any CPU.ActiveCfg = Release|Any CPU
		{52C95601-F481-4A7C-9ADF-0E289A550068}.Release|Any CPU.Build.0 = Release|Any CPU
		{EFA30E29-B39B-4EE2-B153-8BC23EC4DB41}.Debug|Any CPU.ActiveCfg = Debug|Any CPU
		{EFA30E29-B39B-4EE2-B153-8BC23EC4DB41}.Debug|Any CPU.Build.0 = Debug|Any CPU
		{EFA30E29-B39B-4EE2-B153-8BC23EC4DB41}.Release|Any CPU.ActiveCfg = Release|Any CPU
		{EFA30E29-B39B-4EE2-B153-8BC23EC4DB41}.Release|Any CPU.Build.0 = Release|Any CPU
	EndGlobalSection
	GlobalSection(SolutionProperties) = preSolution
		HideSolutionNode = FALSE
	EndGlobalSection
	GlobalSection(ExtensibilityGlobals) = postSolution
		SolutionGuid = {C7A92479-2D7B-4532-9EB8-1C8945FBD5AB}
	EndGlobalSection
EndGlobal
